
Microsoft Visual Studio Solution File, Format Version 12.00
# Visual Studio Version 17
VisualStudioVersion = 17.2.32516.85
MinimumVisualStudioVersion = 10.0.40219.1
Project("{FAE04EC0-301F-11D3-BF4B-00C04F79EFBC}") = "JobCandidateHub.Api", "src\JobCandidateHub.Api\JobCandidateHub.Api.csproj", "{A23D0BFD-5722-4DCD-8AB7-865D26460E65}"
EndProject
Global
	GlobalSection(SolutionConfigurationPlatforms) = preSolution
		Debug|Any CPU = Debug|Any CPU
		Release|Any CPU = Release|Any CPU
	EndGlobalSection
	GlobalSection(ProjectConfigurationPlatforms) = postSolution
		{A23D0BFD-5722-4DCD-8AB7-865D26460E65}.Debug|Any CPU.ActiveCfg = Debug|Any CPU
		{A23D0BFD-5722-4DCD-8AB7-865D26460E65}.Debug|Any CPU.Build.0 = Debug|Any CPU
		{A23D0BFD-5722-4DCD-8AB7-865D26460E65}.Release|Any CPU.ActiveCfg = Release|Any CPU
		{A23D0BFD-5722-4DCD-8AB7-865D26460E65}.Release|Any CPU.Build.0 = Release|Any CPU
	EndGlobalSection
	GlobalSection(SolutionProperties) = preSolution
		HideSolutionNode = FALSE
	EndGlobalSection
	GlobalSection(ExtensibilityGlobals) = postSolution
		SolutionGuid = {C1768F4E-11F9-48D8-AD40-80C8B32CF930}
	EndGlobalSection
EndGlobal
